
Microsoft Visual Studio Solution File, Format Version 12.00
# Visual Studio Version 17
VisualStudioVersion = 17.10.35122.118
MinimumVisualStudioVersion = 10.0.40219.1
Project("{FAE04EC0-301F-11D3-BF4B-00C04F79EFBC}") = "TestRating", "TestRating\TestRating.csproj", "{1981A5EA-B7C5-4903-A7EC-00C813196103}"
EndProject
Global
	GlobalSection(SolutionConfigurationPlatforms) = preSolution
		Debug|Any CPU = Debug|Any CPU
		Release|Any CPU = Release|Any CPU
	EndGlobalSection
	GlobalSection(ProjectConfigurationPlatforms) = postSolution
		{1981A5EA-B7C5-4903-A7EC-00C813196103}.Debug|Any CPU.ActiveCfg = Debug|Any CPU
		{1981A5EA-B7C5-4903-A7EC-00C813196103}.Debug|Any CPU.Build.0 = Debug|Any CPU
		{1981A5EA-B7C5-4903-A7EC-00C813196103}.Release|Any CPU.ActiveCfg = Release|Any CPU
		{1981A5EA-B7C5-4903-A7EC-00C813196103}.Release|Any CPU.Build.0 = Release|Any CPU
	EndGlobalSection
	GlobalSection(SolutionProperties) = preSolution
		HideSolutionNode = FALSE
	EndGlobalSection
	GlobalSection(ExtensibilityGlobals) = postSolution
		SolutionGuid = {036D3E8A-2CC7-485A-B40B-4D2BE3365956}
	EndGlobalSection
EndGlobal
